
Microsoft Visual Studio Solution File, Format Version 12.00
# Visual Studio Version 17
VisualStudioVersion = 17.5.002.0
MinimumVisualStudioVersion = 10.0.40219.1
Project("{9A19103F-16F7-4668-BE54-9A1E7A4F7556}") = "l02-activity", "l02-activity.csproj", "{03C4CEF8-47D2-450D-A10D-8F57B8A317C0}"
EndProject
Global
	GlobalSection(SolutionConfigurationPlatforms) = preSolution
		Debug|Any CPU = Debug|Any CPU
		Release|Any CPU = Release|Any CPU
	EndGlobalSection
	GlobalSection(ProjectConfigurationPlatforms) = postSolution
		{03C4CEF8-47D2-450D-A10D-8F57B8A317C0}.Debug|Any CPU.ActiveCfg = Debug|Any CPU
		{03C4CEF8-47D2-450D-A10D-8F57B8A317C0}.Debug|Any CPU.Build.0 = Debug|Any CPU
		{03C4CEF8-47D2-450D-A10D-8F57B8A317C0}.Release|Any CPU.ActiveCfg = Release|Any CPU
		{03C4CEF8-47D2-450D-A10D-8F57B8A317C0}.Release|Any CPU.Build.0 = Release|Any CPU
	EndGlobalSection
	GlobalSection(SolutionProperties) = preSolution
		HideSolutionNode = FALSE
	EndGlobalSection
	GlobalSection(ExtensibilityGlobals) = postSolution
		SolutionGuid = {06FEEBCF-88C7-445F-A70F-CA06F123EC8B}
	EndGlobalSection
EndGlobal
